
Microsoft Visual Studio Solution File, Format Version 12.00
# Visual Studio 14
VisualStudioVersion = 14.0.25123.0
MinimumVisualStudioVersion = 10.0.40219.1
Project("{FAE04EC0-301F-11D3-BF4B-00C04F79EFBC}") = "ScFootsteps.Meetup.ExampleThree.Droid", "ExampleThree\ScFootsteps.Meetup.ExampleThree.Droid\ScFootsteps.Meetup.ExampleThree.Droid.csproj", "{12ABF79E-170E-430A-A8C1-F5EAEB851EE1}"
EndProject
Project("{FAE04EC0-301F-11D3-BF4B-00C04F79EFBC}") = "ScFootsteps.Meetup.ExampleThree.iOS", "ExampleThree\ScFootsteps.Meetup.ExampleThree.iOS\ScFootsteps.Meetup.ExampleThree.iOS.csproj", "{0B054EE3-4790-4E6D-94B2-B7178A890D31}"
EndProject
Project("{FAE04EC0-301F-11D3-BF4B-00C04F79EFBC}") = "ScFootsteps.Meetup.ExampleThree", "ExampleThree\ScFootsteps.Meetup.ExampleThree\ScFootsteps.Meetup.ExampleThree.csproj", "{C1737068-30C2-476D-8252-3DBC1DF08B57}"
EndProject
Global
	GlobalSection(SolutionConfigurationPlatforms) = preSolution
		Ad-Hoc|Any CPU = Ad-Hoc|Any CPU
		Ad-Hoc|ARM = Ad-Hoc|ARM
		Ad-Hoc|iPhone = Ad-Hoc|iPhone
		Ad-Hoc|iPhoneSimulator = Ad-Hoc|iPhoneSimulator
		Ad-Hoc|x64 = Ad-Hoc|x64
		Ad-Hoc|x86 = Ad-Hoc|x86
		AppStore|Any CPU = AppStore|Any CPU
		AppStore|ARM = AppStore|ARM
		AppStore|iPhone = AppStore|iPhone
		AppStore|iPhoneSimulator = AppStore|iPhoneSimulator
		AppStore|x64 = AppStore|x64
		AppStore|x86 = AppStore|x86
		Debug|Any CPU = Debug|Any CPU
		Debug|ARM = Debug|ARM
		Debug|iPhone = Debug|iPhone
		Debug|iPhoneSimulator = Debug|iPhoneSimulator
		Debug|x64 = Debug|x64
		Debug|x86 = Debug|x86
		Release|Any CPU = Release|Any CPU
		Release|ARM = Release|ARM
		Release|iPhone = Release|iPhone
		Release|iPhoneSimulator = Release|iPhoneSimulator
		Release|x64 = Release|x64
		Release|x86 = Release|x86
	EndGlobalSection
	GlobalSection(ProjectConfigurationPlatforms) = postSolution
		{12ABF79E-170E-430A-A8C1-F5EAEB851EE1}.Ad-Hoc|Any CPU.ActiveCfg = Release|Any CPU
		{12ABF79E-170E-430A-A8C1-F5EAEB851EE1}.Ad-Hoc|Any CPU.Build.0 = Release|Any CPU
		{12ABF79E-170E-430A-A8C1-F5EAEB851EE1}.Ad-Hoc|Any CPU.Deploy.0 = Release|Any CPU
		{12ABF79E-170E-430A-A8C1-F5EAEB851EE1}.Ad-Hoc|ARM.ActiveCfg = Release|Any CPU
		{12ABF79E-170E-430A-A8C1-F5EAEB851EE1}.Ad-Hoc|ARM.Build.0 = Release|Any CPU
		{12ABF79E-170E-430A-A8C1-F5EAEB851EE1}.Ad-Hoc|ARM.Deploy.0 = Release|Any CPU
		{12ABF79E-170E-430A-A8C1-F5EAEB851EE1}.Ad-Hoc|iPhone.ActiveCfg = Release|Any CPU
		{12ABF79E-170E-430A-A8C1-F5EAEB851EE1}.Ad-Hoc|iPhone.Build.0 = Release|Any CPU
		{12ABF79E-170E-430A-A8C1-F5EAEB851EE1}.Ad-Hoc|iPhone.Deploy.0 = Release|Any CPU
		{12ABF79E-170E-430A-A8C1-F5EAEB851EE1}.Ad-Hoc|iPhoneSimulator.ActiveCfg = Release|Any CPU
		{12ABF79E-170E-430A-A8C1-F5EAEB851EE1}.Ad-Hoc|iPhoneSimulator.Build.0 = Release|Any CPU
		{12ABF79E-170E-430A-A8C1-F5EAEB851EE1}.Ad-Hoc|iPhoneSimulator.Deploy.0 = Release|Any CPU
		{12ABF79E-170E-430A-A8C1-F5EAEB851EE1}.Ad-Hoc|x64.ActiveCfg = Release|Any CPU
		{12ABF79E-170E-430A-A8C1-F5EAEB851EE1}.Ad-Hoc|x64.Build.0 = Release|Any CPU
		{12ABF79E-170E-430A-A8C1-F5EAEB851EE1}.Ad-Hoc|x64.Deploy.0 = Release|Any CPU
		{12ABF79E-170E-430A-A8C1-F5EAEB851EE1}.Ad-Hoc|x86.ActiveCfg = Release|Any CPU
		{12ABF79E-170E-430A-A8C1-F5EAEB851EE1}.Ad-Hoc|x86.Build.0 = Release|Any CPU
		{12ABF79E-170E-430A-A8C1-F5EAEB851EE1}.Ad-Hoc|x86.Deploy.0 = Release|Any CPU
		{12ABF79E-170E-430A-A8C1-F5EAEB851EE1}.AppStore|Any CPU.ActiveCfg = Release|Any CPU
		{12ABF79E-170E-430A-A8C1-F5EAEB851EE1}.AppStore|Any CPU.Build.0 = Release|Any CPU
		{12ABF79E-170E-430A-A8C1-F5EAEB851EE1}.AppStore|Any CPU.Deploy.0 = Release|Any CPU
		{12ABF79E-170E-430A-A8C1-F5EAEB851EE1}.AppStore|ARM.ActiveCfg = Release|Any CPU
		{12ABF79E-170E-430A-A8C1-F5EAEB851EE1}.AppStore|ARM.Build.0 = Release|Any CPU
		{12ABF79E-170E-430A-A8C1-F5EAEB851EE1}.AppStore|ARM.Deploy.0 = Release|Any CPU
		{12ABF79E-170E-430A-A8C1-F5EAEB851EE1}.AppStore|iPhone.ActiveCfg = Release|Any CPU
		{12ABF79E-170E-430A-A8C1-F5EAEB851EE1}.AppStore|iPhone.Build.0 = Release|Any CPU
		{12ABF79E-170E-430A-A8C1-F5EAEB851EE1}.AppStore|iPhone.Deploy.0 = Release|Any CPU
		{12ABF79E-170E-430A-A8C1-F5EAEB851EE1}.AppStore|iPhoneSimulator.ActiveCfg = Release|Any CPU
		{12ABF79E-170E-430A-A8C1-F5EAEB851EE1}.AppStore|iPhoneSimulator.Build.0 = Release|Any CPU
		{12ABF79E-170E-430A-A8C1-F5EAEB851EE1}.AppStore|iPhoneSimulator.Deploy.0 = Release|Any CPU
		{12ABF79E-170E-430A-A8C1-F5EAEB851EE1}.AppStore|x64.ActiveCfg = Release|Any CPU
		{12ABF79E-170E-430A-A8C1-F5EAEB851EE1}.AppStore|x64.Build.0 = Release|Any CPU
		{12ABF79E-170E-430A-A8C1-F5EAEB851EE1}.AppStore|x64.Deploy.0 = Release|Any CPU
		{12ABF79E-170E-430A-A8C1-F5EAEB851EE1}.AppStore|x86.ActiveCfg = Release|Any CPU
		{12ABF79E-170E-430A-A8C1-F5EAEB851EE1}.AppStore|x86.Build.0 = Release|Any CPU
		{12ABF79E-170E-430A-A8C1-F5EAEB851EE1}.AppStore|x86.Deploy.0 = Release|Any CPU
		{12ABF79E-170E-430A-A8C1-F5EAEB851EE1}.Debug|Any CPU.ActiveCfg = Debug|Any CPU
		{12ABF79E-170E-430A-A8C1-F5EAEB851EE1}.Debug|Any CPU.Build.0 = Debug|Any CPU
		{12ABF79E-170E-430A-A8C1-F5EAEB851EE1}.Debug|Any CPU.Deploy.0 = Debug|Any CPU
		{12ABF79E-170E-430A-A8C1-F5EAEB851EE1}.Debug|ARM.ActiveCfg = Debug|Any CPU
		{12ABF79E-170E-430A-A8C1-F5EAEB851EE1}.Debug|ARM.Build.0 = Debug|Any CPU
		{12ABF79E-170E-430A-A8C1-F5EAEB851EE1}.Debug|ARM.Deploy.0 = Debug|Any CPU
		{12ABF79E-170E-430A-A8C1-F5EAEB851EE1}.Debug|iPhone.ActiveCfg = Debug|Any CPU
		{12ABF79E-170E-430A-A8C1-F5EAEB851EE1}.Debug|iPhone.Build.0 = Debug|Any CPU
		{12ABF79E-170E-430A-A8C1-F5EAEB851EE1}.Debug|iPhone.Deploy.0 = Debug|Any CPU
		{12ABF79E-170E-430A-A8C1-F5EAEB851EE1}.Debug|iPhoneSimulator.ActiveCfg = Debug|Any CPU
		{12ABF79E-170E-430A-A8C1-F5EAEB851EE1}.Debug|iPhoneSimulator.Build.0 = Debug|Any CPU
		{12ABF79E-170E-430A-A8C1-F5EAEB851EE1}.Debug|iPhoneSimulator.Deploy.0 = Debug|Any CPU
		{12ABF79E-170E-430A-A8C1-F5EAEB851EE1}.Debug|x64.ActiveCfg = Debug|Any CPU
		{12ABF79E-170E-430A-A8C1-F5EAEB851EE1}.Debug|x64.Build.0 = Debug|Any CPU
		{12ABF79E-170E-430A-A8C1-F5EAEB851EE1}.Debug|x64.Deploy.0 = Debug|Any CPU
		{12ABF79E-170E-430A-A8C1-F5EAEB851EE1}.Debug|x86.ActiveCfg = Debug|Any CPU
		{12ABF79E-170E-430A-A8C1-F5EAEB851EE1}.Debug|x86.Build.0 = Debug|Any CPU
		{12ABF79E-170E-430A-A8C1-F5EAEB851EE1}.Debug|x86.Deploy.0 = Debug|Any CPU
		{12ABF79E-170E-430A-A8C1-F5EAEB851EE1}.Release|Any CPU.ActiveCfg = Release|Any CPU
		{12ABF79E-170E-430A-A8C1-F5EAEB851EE1}.Release|Any CPU.Build.0 = Release|Any CPU
		{12ABF79E-170E-430A-A8C1-F5EAEB851EE1}.Release|Any CPU.Deploy.0 = Release|Any CPU
		{12ABF79E-170E-430A-A8C1-F5EAEB851EE1}.Release|ARM.ActiveCfg = Release|Any CPU
		{12ABF79E-170E-430A-A8C1-F5EAEB851EE1}.Release|ARM.Build.0 = Release|Any CPU
		{12ABF79E-170E-430A-A8C1-F5EAEB851EE1}.Release|ARM.Deploy.0 = Release|Any CPU
		{12ABF79E-170E-430A-A8C1-F5EAEB851EE1}.Release|iPhone.ActiveCfg = Release|Any CPU
		{12ABF79E-170E-430A-A8C1-F5EAEB851EE1}.Release|iPhone.Build.0 = Release|Any CPU
		{12ABF79E-170E-430A-A8C1-F5EAEB851EE1}.Release|iPhone.Deploy.0 = Release|Any CPU
		{12ABF79E-170E-430A-A8C1-F5EAEB851EE1}.Release|iPhoneSimulator.ActiveCfg = Release|Any CPU
		{12ABF79E-170E-430A-A8C1-F5EAEB851EE1}.Release|iPhoneSimulator.Build.0 = Release|Any CPU
		{12ABF79E-170E-430A-A8C1-F5EAEB851EE1}.Release|iPhoneSimulator.Deploy.0 = Release|Any CPU
		{12ABF79E-170E-430A-A8C1-F5EAEB851EE1}.Release|x64.ActiveCfg = Release|Any CPU
		{12ABF79E-170E-430A-A8C1-F5EAEB851EE1}.Release|x64.Build.0 = Release|Any CPU
		{12ABF79E-170E-430A-A8C1-F5EAEB851EE1}.Release|x64.Deploy.0 = Release|Any CPU
		{12ABF79E-170E-430A-A8C1-F5EAEB851EE1}.Release|x86.ActiveCfg = Release|Any CPU
		{12ABF79E-170E-430A-A8C1-F5EAEB851EE1}.Release|x86.Build.0 = Release|Any CPU
		{12ABF79E-170E-430A-A8C1-F5EAEB851EE1}.Release|x86.Deploy.0 = Release|Any CPU
		{0B054EE3-4790-4E6D-94B2-B7178A890D31}.Ad-Hoc|Any CPU.ActiveCfg = Ad-Hoc|iPhone
		{0B054EE3-4790-4E6D-94B2-B7178A890D31}.Ad-Hoc|ARM.ActiveCfg = Ad-Hoc|iPhone
		{0B054EE3-4790-4E6D-94B2-B7178A890D31}.Ad-Hoc|iPhone.ActiveCfg = Ad-Hoc|iPhone
		{0B054EE3-4790-4E6D-94B2-B7178A890D31}.Ad-Hoc|iPhone.Build.0 = Ad-Hoc|iPhone
		{0B054EE3-4790-4E6D-94B2-B7178A890D31}.Ad-Hoc|iPhoneSimulator.ActiveCfg = Ad-Hoc|iPhoneSimulator
		{0B054EE3-4790-4E6D-94B2-B7178A890D31}.Ad-Hoc|iPhoneSimulator.Build.0 = Ad-Hoc|iPhoneSimulator
		{0B054EE3-4790-4E6D-94B2-B7178A890D31}.Ad-Hoc|x64.ActiveCfg = Ad-Hoc|iPhone
		{0B054EE3-4790-4E6D-94B2-B7178A890D31}.Ad-Hoc|x86.ActiveCfg = Ad-Hoc|iPhone
		{0B054EE3-4790-4E6D-94B2-B7178A890D31}.AppStore|Any CPU.ActiveCfg = AppStore|iPhone
		{0B054EE3-4790-4E6D-94B2-B7178A890D31}.AppStore|ARM.ActiveCfg = AppStore|iPhone
		{0B054EE3-4790-4E6D-94B2-B7178A890D31}.AppStore|iPhone.ActiveCfg = AppStore|iPhone
		{0B054EE3-4790-4E6D-94B2-B7178A890D31}.AppStore|iPhone.Build.0 = AppStore|iPhone
		{0B054EE3-4790-4E6D-94B2-B7178A890D31}.AppStore|iPhoneSimulator.ActiveCfg = AppStore|iPhoneSimulator
		{0B054EE3-4790-4E6D-94B2-B7178A890D31}.AppStore|iPhoneSimulator.Build.0 = AppStore|iPhoneSimulator
		{0B054EE3-4790-4E6D-94B2-B7178A890D31}.AppStore|x64.ActiveCfg = AppStore|iPhone
		{0B054EE3-4790-4E6D-94B2-B7178A890D31}.AppStore|x86.ActiveCfg = AppStore|iPhone
		{0B054EE3-4790-4E6D-94B2-B7178A890D31}.Debug|Any CPU.ActiveCfg = Debug|iPhone
		{0B054EE3-4790-4E6D-94B2-B7178A890D31}.Debug|ARM.ActiveCfg = Debug|iPhone
		{0B054EE3-4790-4E6D-94B2-B7178A890D31}.Debug|iPhone.ActiveCfg = Debug|iPhone
		{0B054EE3-4790-4E6D-94B2-B7178A890D31}.Debug|iPhone.Build.0 = Debug|iPhone
		{0B054EE3-4790-4E6D-94B2-B7178A890D31}.Debug|iPhoneSimulator.ActiveCfg = Debug|iPhoneSimulator
		{0B054EE3-4790-4E6D-94B2-B7178A890D31}.Debug|iPhoneSimulator.Build.0 = Debug|iPhoneSimulator
		{0B054EE3-4790-4E6D-94B2-B7178A890D31}.Debug|x64.ActiveCfg = Debug|iPhone
		{0B054EE3-4790-4E6D-94B2-B7178A890D31}.Debug|x86.ActiveCfg = Debug|iPhone
		{0B054EE3-4790-4E6D-94B2-B7178A890D31}.Release|Any CPU.ActiveCfg = Release|iPhone
		{0B054EE3-4790-4E6D-94B2-B7178A890D31}.Release|ARM.ActiveCfg = Release|iPhone
		{0B054EE3-4790-4E6D-94B2-B7178A890D31}.Release|iPhone.ActiveCfg = Release|iPhone
		{0B054EE3-4790-4E6D-94B2-B7178A890D31}.Release|iPhone.Build.0 = Release|iPhone
		{0B054EE3-4790-4E6D-94B2-B7178A890D31}.Release|iPhoneSimulator.ActiveCfg = Release|iPhoneSimulator
		{0B054EE3-4790-4E6D-94B2-B7178A890D31}.Release|iPhoneSimulator.Build.0 = Release|iPhoneSimulator
		{0B054EE3-4790-4E6D-94B2-B7178A890D31}.Release|x64.ActiveCfg = Release|iPhone
		{0B054EE3-4790-4E6D-94B2-B7178A890D31}.Release|x86.ActiveCfg = Release|iPhone
		{C1737068-30C2-476D-8252-3DBC1DF08B57}.Ad-Hoc|Any CPU.ActiveCfg = Release|Any CPU
		{C1737068-30C2-476D-8252-3DBC1DF08B57}.Ad-Hoc|Any CPU.Build.0 = Release|Any CPU
		{C1737068-30C2-476D-8252-3DBC1DF08B57}.Ad-Hoc|ARM.ActiveCfg = Release|Any CPU
		{C1737068-30C2-476D-8252-3DBC1DF08B57}.Ad-Hoc|ARM.Build.0 = Release|Any CPU
		{C1737068-30C2-476D-8252-3DBC1DF08B57}.Ad-Hoc|iPhone.ActiveCfg = Release|Any CPU
		{C1737068-30C2-476D-8252-3DBC1DF08B57}.Ad-Hoc|iPhone.Build.0 = Release|Any CPU
		{C1737068-30C2-476D-8252-3DBC1DF08B57}.Ad-Hoc|iPhoneSimulator.ActiveCfg = Release|Any CPU
		{C1737068-30C2-476D-8252-3DBC1DF08B57}.Ad-Hoc|iPhoneSimulator.Build.0 = Release|Any CPU
		{C1737068-30C2-476D-8252-3DBC1DF08B57}.Ad-Hoc|x64.ActiveCfg = Release|Any CPU
		{C1737068-30C2-476D-8252-3DBC1DF08B57}.Ad-Hoc|x64.Build.0 = Release|Any CPU
		{C1737068-30C2-476D-8252-3DBC1DF08B57}.Ad-Hoc|x86.ActiveCfg = Release|Any CPU
		{C1737068-30C2-476D-8252-3DBC1DF08B57}.Ad-Hoc|x86.Build.0 = Release|Any CPU
		{C1737068-30C2-476D-8252-3DBC1DF08B57}.AppStore|Any CPU.ActiveCfg = Release|Any CPU
		{C1737068-30C2-476D-8252-3DBC1DF08B57}.AppStore|Any CPU.Build.0 = Release|Any CPU
		{C1737068-30C2-476D-8252-3DBC1DF08B57}.AppStore|ARM.ActiveCfg = Release|Any CPU
		{C1737068-30C2-476D-8252-3DBC1DF08B57}.AppStore|ARM.Build.0 = Release|Any CPU
		{C1737068-30C2-476D-8252-3DBC1DF08B57}.AppStore|iPhone.ActiveCfg = Release|Any CPU
		{C1737068-30C2-476D-8252-3DBC1DF08B57}.AppStore|iPhone.Build.0 = Release|Any CPU
		{C1737068-30C2-476D-8252-3DBC1DF08B57}.AppStore|iPhoneSimulator.ActiveCfg = Release|Any CPU
		{C1737068-30C2-476D-8252-3DBC1DF08B57}.AppStore|iPhoneSimulator.Build.0 = Release|Any CPU
		{C1737068-30C2-476D-8252-3DBC1DF08B57}.AppStore|x64.ActiveCfg = Release|Any CPU
		{C1737068-30C2-476D-8252-3DBC1DF08B57}.AppStore|x64.Build.0 = Release|Any CPU
		{C1737068-30C2-476D-8252-3DBC1DF08B57}.AppStore|x86.ActiveCfg = Release|Any CPU
		{C1737068-30C2-476D-8252-3DBC1DF08B57}.AppStore|x86.Build.0 = Release|Any CPU
		{C1737068-30C2-476D-8252-3DBC1DF08B57}.Debug|Any CPU.ActiveCfg = Debug|Any CPU
		{C1737068-30C2-476D-8252-3DBC1DF08B57}.Debug|Any CPU.Build.0 = Debug|Any CPU
		{C1737068-30C2-476D-8252-3DBC1DF08B57}.Debug|ARM.ActiveCfg = Debug|Any CPU
		{C1737068-30C2-476D-8252-3DBC1DF08B57}.Debug|ARM.Build.0 = Debug|Any CPU
		{C1737068-30C2-476D-8252-3DBC1DF08B57}.Debug|iPhone.ActiveCfg = Debug|Any CPU
		{C1737068-30C2-476D-8252-3DBC1DF08B57}.Debug|iPhone.Build.0 = Debug|Any CPU
		{C1737068-30C2-476D-8252-3DBC1DF08B57}.Debug|iPhoneSimulator.ActiveCfg = Debug|Any CPU
		{C1737068-30C2-476D-8252-3DBC1DF08B57}.Debug|iPhoneSimulator.Build.0 = Debug|Any CPU
		{C1737068-30C2-476D-8252-3DBC1DF08B57}.Debug|x64.ActiveCfg = Debug|Any CPU
		{C1737068-30C2-476D-8252-3DBC1DF08B57}.Debug|x64.Build.0 = Debug|Any CPU
		{C1737068-30C2-476D-8252-3DBC1DF08B57}.Debug|x86.ActiveCfg = Debug|Any CPU
		{C1737068-30C2-476D-8252-3DBC1DF08B57}.Debug|x86.Build.0 = Debug|Any CPU
		{C1737068-30C2-476D-8252-3DBC1DF08B57}.Release|Any CPU.ActiveCfg = Release|Any CPU
		{C1737068-30C2-476D-8252-3DBC1DF08B57}.Release|Any CPU.Build.0 = Release|Any CPU
		{C1737068-30C2-476D-8252-3DBC1DF08B57}.Release|ARM.ActiveCfg = Release|Any CPU
		{C1737068-30C2-476D-8252-3DBC1DF08B57}.Release|ARM.Build.0 = Release|Any CPU
		{C1737068-30C2-476D-8252-3DBC1DF08B57}.Release|iPhone.ActiveCfg = Release|Any CPU
		{C1737068-30C2-476D-8252-3DBC1DF08B57}.Release|iPhone.Build.0 = Release|Any CPU
		{C1737068-30C2-476D-8252-3DBC1DF08B57}.Release|iPhoneSimulator.ActiveCfg = Release|Any CPU
		{C1737068-30C2-476D-8252-3DBC1DF08B57}.Release|iPhoneSimulator.Build.0 = Release|Any CPU
		{C1737068-30C2-476D-8252-3DBC1DF08B57}.Release|x64.ActiveCfg = Release|Any CPU
		{C1737068-30C2-476D-8252-3DBC1DF08B57}.Release|x64.Build.0 = Release|Any CPU
		{C1737068-30C2-476D-8252-3DBC1DF08B57}.Release|x86.ActiveCfg = Release|Any CPU
		{C1737068-30C2-476D-8252-3DBC1DF08B57}.Release|x86.Build.0 = Release|Any CPU
	EndGlobalSection
	GlobalSection(SolutionProperties) = preSolution
		HideSolutionNode = FALSE
	EndGlobalSection
EndGlobal
