
Microsoft Visual Studio Solution File, Format Version 12.00
# Visual Studio 14
VisualStudioVersion = 14.0.25123.0
MinimumVisualStudioVersion = 10.0.40219.1
Project("{FAE04EC0-301F-11D3-BF4B-00C04F79EFBC}") = "ScFootsteps.Meetup.ExampleFive.Droid", "ExampleFive\ScFootsteps.Meetup.ExampleFive.Droid\ScFootsteps.Meetup.ExampleFive.Droid.csproj", "{E8B2F0AA-B4AA-444B-811C-AC017AB2B2E6}"
EndProject
Project("{FAE04EC0-301F-11D3-BF4B-00C04F79EFBC}") = "ScFootsteps.Meetup.ExampleFive.iOS", "ExampleFive\ScFootsteps.Meetup.ExampleFive.iOS\ScFootsteps.Meetup.ExampleFive.iOS.csproj", "{7689C264-F541-4B2D-8FDC-97DD11C9ED92}"
EndProject
Project("{FAE04EC0-301F-11D3-BF4B-00C04F79EFBC}") = "ScFootsteps.Meetup.ExampleFive", "ExampleFive\ScFootsteps.Meetup.ExampleFive\ScFootsteps.Meetup.ExampleFive.csproj", "{9165F68B-D195-4ACE-9B8B-4EF3424D58A7}"
EndProject
Global
	GlobalSection(SolutionConfigurationPlatforms) = preSolution
		Ad-Hoc|Any CPU = Ad-Hoc|Any CPU
		Ad-Hoc|ARM = Ad-Hoc|ARM
		Ad-Hoc|iPhone = Ad-Hoc|iPhone
		Ad-Hoc|iPhoneSimulator = Ad-Hoc|iPhoneSimulator
		Ad-Hoc|x64 = Ad-Hoc|x64
		Ad-Hoc|x86 = Ad-Hoc|x86
		AppStore|Any CPU = AppStore|Any CPU
		AppStore|ARM = AppStore|ARM
		AppStore|iPhone = AppStore|iPhone
		AppStore|iPhoneSimulator = AppStore|iPhoneSimulator
		AppStore|x64 = AppStore|x64
		AppStore|x86 = AppStore|x86
		Debug|Any CPU = Debug|Any CPU
		Debug|ARM = Debug|ARM
		Debug|iPhone = Debug|iPhone
		Debug|iPhoneSimulator = Debug|iPhoneSimulator
		Debug|x64 = Debug|x64
		Debug|x86 = Debug|x86
		Release|Any CPU = Release|Any CPU
		Release|ARM = Release|ARM
		Release|iPhone = Release|iPhone
		Release|iPhoneSimulator = Release|iPhoneSimulator
		Release|x64 = Release|x64
		Release|x86 = Release|x86
	EndGlobalSection
	GlobalSection(ProjectConfigurationPlatforms) = postSolution
		{E8B2F0AA-B4AA-444B-811C-AC017AB2B2E6}.Ad-Hoc|Any CPU.ActiveCfg = Release|Any CPU
		{E8B2F0AA-B4AA-444B-811C-AC017AB2B2E6}.Ad-Hoc|Any CPU.Build.0 = Release|Any CPU
		{E8B2F0AA-B4AA-444B-811C-AC017AB2B2E6}.Ad-Hoc|Any CPU.Deploy.0 = Release|Any CPU
		{E8B2F0AA-B4AA-444B-811C-AC017AB2B2E6}.Ad-Hoc|ARM.ActiveCfg = Release|Any CPU
		{E8B2F0AA-B4AA-444B-811C-AC017AB2B2E6}.Ad-Hoc|ARM.Build.0 = Release|Any CPU
		{E8B2F0AA-B4AA-444B-811C-AC017AB2B2E6}.Ad-Hoc|ARM.Deploy.0 = Release|Any CPU
		{E8B2F0AA-B4AA-444B-811C-AC017AB2B2E6}.Ad-Hoc|iPhone.ActiveCfg = Release|Any CPU
		{E8B2F0AA-B4AA-444B-811C-AC017AB2B2E6}.Ad-Hoc|iPhone.Build.0 = Release|Any CPU
		{E8B2F0AA-B4AA-444B-811C-AC017AB2B2E6}.Ad-Hoc|iPhone.Deploy.0 = Release|Any CPU
		{E8B2F0AA-B4AA-444B-811C-AC017AB2B2E6}.Ad-Hoc|iPhoneSimulator.ActiveCfg = Release|Any CPU
		{E8B2F0AA-B4AA-444B-811C-AC017AB2B2E6}.Ad-Hoc|iPhoneSimulator.Build.0 = Release|Any CPU
		{E8B2F0AA-B4AA-444B-811C-AC017AB2B2E6}.Ad-Hoc|iPhoneSimulator.Deploy.0 = Release|Any CPU
		{E8B2F0AA-B4AA-444B-811C-AC017AB2B2E6}.Ad-Hoc|x64.ActiveCfg = Release|Any CPU
		{E8B2F0AA-B4AA-444B-811C-AC017AB2B2E6}.Ad-Hoc|x64.Build.0 = Release|Any CPU
		{E8B2F0AA-B4AA-444B-811C-AC017AB2B2E6}.Ad-Hoc|x64.Deploy.0 = Release|Any CPU
		{E8B2F0AA-B4AA-444B-811C-AC017AB2B2E6}.Ad-Hoc|x86.ActiveCfg = Release|Any CPU
		{E8B2F0AA-B4AA-444B-811C-AC017AB2B2E6}.Ad-Hoc|x86.Build.0 = Release|Any CPU
		{E8B2F0AA-B4AA-444B-811C-AC017AB2B2E6}.Ad-Hoc|x86.Deploy.0 = Release|Any CPU
		{E8B2F0AA-B4AA-444B-811C-AC017AB2B2E6}.AppStore|Any CPU.ActiveCfg = Release|Any CPU
		{E8B2F0AA-B4AA-444B-811C-AC017AB2B2E6}.AppStore|Any CPU.Build.0 = Release|Any CPU
		{E8B2F0AA-B4AA-444B-811C-AC017AB2B2E6}.AppStore|Any CPU.Deploy.0 = Release|Any CPU
		{E8B2F0AA-B4AA-444B-811C-AC017AB2B2E6}.AppStore|ARM.ActiveCfg = Release|Any CPU
		{E8B2F0AA-B4AA-444B-811C-AC017AB2B2E6}.AppStore|ARM.Build.0 = Release|Any CPU
		{E8B2F0AA-B4AA-444B-811C-AC017AB2B2E6}.AppStore|ARM.Deploy.0 = Release|Any CPU
		{E8B2F0AA-B4AA-444B-811C-AC017AB2B2E6}.AppStore|iPhone.ActiveCfg = Release|Any CPU
		{E8B2F0AA-B4AA-444B-811C-AC017AB2B2E6}.AppStore|iPhone.Build.0 = Release|Any CPU
		{E8B2F0AA-B4AA-444B-811C-AC017AB2B2E6}.AppStore|iPhone.Deploy.0 = Release|Any CPU
		{E8B2F0AA-B4AA-444B-811C-AC017AB2B2E6}.AppStore|iPhoneSimulator.ActiveCfg = Release|Any CPU
		{E8B2F0AA-B4AA-444B-811C-AC017AB2B2E6}.AppStore|iPhoneSimulator.Build.0 = Release|Any CPU
		{E8B2F0AA-B4AA-444B-811C-AC017AB2B2E6}.AppStore|iPhoneSimulator.Deploy.0 = Release|Any CPU
		{E8B2F0AA-B4AA-444B-811C-AC017AB2B2E6}.AppStore|x64.ActiveCfg = Release|Any CPU
		{E8B2F0AA-B4AA-444B-811C-AC017AB2B2E6}.AppStore|x64.Build.0 = Release|Any CPU
		{E8B2F0AA-B4AA-444B-811C-AC017AB2B2E6}.AppStore|x64.Deploy.0 = Release|Any CPU
		{E8B2F0AA-B4AA-444B-811C-AC017AB2B2E6}.AppStore|x86.ActiveCfg = Release|Any CPU
		{E8B2F0AA-B4AA-444B-811C-AC017AB2B2E6}.AppStore|x86.Build.0 = Release|Any CPU
		{E8B2F0AA-B4AA-444B-811C-AC017AB2B2E6}.AppStore|x86.Deploy.0 = Release|Any CPU
		{E8B2F0AA-B4AA-444B-811C-AC017AB2B2E6}.Debug|Any CPU.ActiveCfg = Debug|Any CPU
		{E8B2F0AA-B4AA-444B-811C-AC017AB2B2E6}.Debug|Any CPU.Build.0 = Debug|Any CPU
		{E8B2F0AA-B4AA-444B-811C-AC017AB2B2E6}.Debug|Any CPU.Deploy.0 = Debug|Any CPU
		{E8B2F0AA-B4AA-444B-811C-AC017AB2B2E6}.Debug|ARM.ActiveCfg = Debug|Any CPU
		{E8B2F0AA-B4AA-444B-811C-AC017AB2B2E6}.Debug|ARM.Build.0 = Debug|Any CPU
		{E8B2F0AA-B4AA-444B-811C-AC017AB2B2E6}.Debug|ARM.Deploy.0 = Debug|Any CPU
		{E8B2F0AA-B4AA-444B-811C-AC017AB2B2E6}.Debug|iPhone.ActiveCfg = Debug|Any CPU
		{E8B2F0AA-B4AA-444B-811C-AC017AB2B2E6}.Debug|iPhone.Build.0 = Debug|Any CPU
		{E8B2F0AA-B4AA-444B-811C-AC017AB2B2E6}.Debug|iPhone.Deploy.0 = Debug|Any CPU
		{E8B2F0AA-B4AA-444B-811C-AC017AB2B2E6}.Debug|iPhoneSimulator.ActiveCfg = Debug|Any CPU
		{E8B2F0AA-B4AA-444B-811C-AC017AB2B2E6}.Debug|iPhoneSimulator.Build.0 = Debug|Any CPU
		{E8B2F0AA-B4AA-444B-811C-AC017AB2B2E6}.Debug|iPhoneSimulator.Deploy.0 = Debug|Any CPU
		{E8B2F0AA-B4AA-444B-811C-AC017AB2B2E6}.Debug|x64.ActiveCfg = Debug|Any CPU
		{E8B2F0AA-B4AA-444B-811C-AC017AB2B2E6}.Debug|x64.Build.0 = Debug|Any CPU
		{E8B2F0AA-B4AA-444B-811C-AC017AB2B2E6}.Debug|x64.Deploy.0 = Debug|Any CPU
		{E8B2F0AA-B4AA-444B-811C-AC017AB2B2E6}.Debug|x86.ActiveCfg = Debug|Any CPU
		{E8B2F0AA-B4AA-444B-811C-AC017AB2B2E6}.Debug|x86.Build.0 = Debug|Any CPU
		{E8B2F0AA-B4AA-444B-811C-AC017AB2B2E6}.Debug|x86.Deploy.0 = Debug|Any CPU
		{E8B2F0AA-B4AA-444B-811C-AC017AB2B2E6}.Release|Any CPU.ActiveCfg = Release|Any CPU
		{E8B2F0AA-B4AA-444B-811C-AC017AB2B2E6}.Release|Any CPU.Build.0 = Release|Any CPU
		{E8B2F0AA-B4AA-444B-811C-AC017AB2B2E6}.Release|Any CPU.Deploy.0 = Release|Any CPU
		{E8B2F0AA-B4AA-444B-811C-AC017AB2B2E6}.Release|ARM.ActiveCfg = Release|Any CPU
		{E8B2F0AA-B4AA-444B-811C-AC017AB2B2E6}.Release|ARM.Build.0 = Release|Any CPU
		{E8B2F0AA-B4AA-444B-811C-AC017AB2B2E6}.Release|ARM.Deploy.0 = Release|Any CPU
		{E8B2F0AA-B4AA-444B-811C-AC017AB2B2E6}.Release|iPhone.ActiveCfg = Release|Any CPU
		{E8B2F0AA-B4AA-444B-811C-AC017AB2B2E6}.Release|iPhone.Build.0 = Release|Any CPU
		{E8B2F0AA-B4AA-444B-811C-AC017AB2B2E6}.Release|iPhone.Deploy.0 = Release|Any CPU
		{E8B2F0AA-B4AA-444B-811C-AC017AB2B2E6}.Release|iPhoneSimulator.ActiveCfg = Release|Any CPU
		{E8B2F0AA-B4AA-444B-811C-AC017AB2B2E6}.Release|iPhoneSimulator.Build.0 = Release|Any CPU
		{E8B2F0AA-B4AA-444B-811C-AC017AB2B2E6}.Release|iPhoneSimulator.Deploy.0 = Release|Any CPU
		{E8B2F0AA-B4AA-444B-811C-AC017AB2B2E6}.Release|x64.ActiveCfg = Release|Any CPU
		{E8B2F0AA-B4AA-444B-811C-AC017AB2B2E6}.Release|x64.Build.0 = Release|Any CPU
		{E8B2F0AA-B4AA-444B-811C-AC017AB2B2E6}.Release|x64.Deploy.0 = Release|Any CPU
		{E8B2F0AA-B4AA-444B-811C-AC017AB2B2E6}.Release|x86.ActiveCfg = Release|Any CPU
		{E8B2F0AA-B4AA-444B-811C-AC017AB2B2E6}.Release|x86.Build.0 = Release|Any CPU
		{E8B2F0AA-B4AA-444B-811C-AC017AB2B2E6}.Release|x86.Deploy.0 = Release|Any CPU
		{7689C264-F541-4B2D-8FDC-97DD11C9ED92}.Ad-Hoc|Any CPU.ActiveCfg = Ad-Hoc|iPhone
		{7689C264-F541-4B2D-8FDC-97DD11C9ED92}.Ad-Hoc|ARM.ActiveCfg = Ad-Hoc|iPhone
		{7689C264-F541-4B2D-8FDC-97DD11C9ED92}.Ad-Hoc|iPhone.ActiveCfg = Ad-Hoc|iPhone
		{7689C264-F541-4B2D-8FDC-97DD11C9ED92}.Ad-Hoc|iPhone.Build.0 = Ad-Hoc|iPhone
		{7689C264-F541-4B2D-8FDC-97DD11C9ED92}.Ad-Hoc|iPhoneSimulator.ActiveCfg = Ad-Hoc|iPhoneSimulator
		{7689C264-F541-4B2D-8FDC-97DD11C9ED92}.Ad-Hoc|iPhoneSimulator.Build.0 = Ad-Hoc|iPhoneSimulator
		{7689C264-F541-4B2D-8FDC-97DD11C9ED92}.Ad-Hoc|x64.ActiveCfg = Ad-Hoc|iPhone
		{7689C264-F541-4B2D-8FDC-97DD11C9ED92}.Ad-Hoc|x86.ActiveCfg = Ad-Hoc|iPhone
		{7689C264-F541-4B2D-8FDC-97DD11C9ED92}.AppStore|Any CPU.ActiveCfg = AppStore|iPhone
		{7689C264-F541-4B2D-8FDC-97DD11C9ED92}.AppStore|ARM.ActiveCfg = AppStore|iPhone
		{7689C264-F541-4B2D-8FDC-97DD11C9ED92}.AppStore|iPhone.ActiveCfg = AppStore|iPhone
		{7689C264-F541-4B2D-8FDC-97DD11C9ED92}.AppStore|iPhone.Build.0 = AppStore|iPhone
		{7689C264-F541-4B2D-8FDC-97DD11C9ED92}.AppStore|iPhoneSimulator.ActiveCfg = AppStore|iPhoneSimulator
		{7689C264-F541-4B2D-8FDC-97DD11C9ED92}.AppStore|iPhoneSimulator.Build.0 = AppStore|iPhoneSimulator
		{7689C264-F541-4B2D-8FDC-97DD11C9ED92}.AppStore|x64.ActiveCfg = AppStore|iPhone
		{7689C264-F541-4B2D-8FDC-97DD11C9ED92}.AppStore|x86.ActiveCfg = AppStore|iPhone
		{7689C264-F541-4B2D-8FDC-97DD11C9ED92}.Debug|Any CPU.ActiveCfg = Debug|iPhone
		{7689C264-F541-4B2D-8FDC-97DD11C9ED92}.Debug|ARM.ActiveCfg = Debug|iPhone
		{7689C264-F541-4B2D-8FDC-97DD11C9ED92}.Debug|iPhone.ActiveCfg = Debug|iPhone
		{7689C264-F541-4B2D-8FDC-97DD11C9ED92}.Debug|iPhone.Build.0 = Debug|iPhone
		{7689C264-F541-4B2D-8FDC-97DD11C9ED92}.Debug|iPhoneSimulator.ActiveCfg = Debug|iPhoneSimulator
		{7689C264-F541-4B2D-8FDC-97DD11C9ED92}.Debug|iPhoneSimulator.Build.0 = Debug|iPhoneSimulator
		{7689C264-F541-4B2D-8FDC-97DD11C9ED92}.Debug|x64.ActiveCfg = Debug|iPhone
		{7689C264-F541-4B2D-8FDC-97DD11C9ED92}.Debug|x86.ActiveCfg = Debug|iPhone
		{7689C264-F541-4B2D-8FDC-97DD11C9ED92}.Release|Any CPU.ActiveCfg = Release|iPhone
		{7689C264-F541-4B2D-8FDC-97DD11C9ED92}.Release|ARM.ActiveCfg = Release|iPhone
		{7689C264-F541-4B2D-8FDC-97DD11C9ED92}.Release|iPhone.ActiveCfg = Release|iPhone
		{7689C264-F541-4B2D-8FDC-97DD11C9ED92}.Release|iPhone.Build.0 = Release|iPhone
		{7689C264-F541-4B2D-8FDC-97DD11C9ED92}.Release|iPhoneSimulator.ActiveCfg = Release|iPhoneSimulator
		{7689C264-F541-4B2D-8FDC-97DD11C9ED92}.Release|iPhoneSimulator.Build.0 = Release|iPhoneSimulator
		{7689C264-F541-4B2D-8FDC-97DD11C9ED92}.Release|x64.ActiveCfg = Release|iPhone
		{7689C264-F541-4B2D-8FDC-97DD11C9ED92}.Release|x86.ActiveCfg = Release|iPhone
		{9165F68B-D195-4ACE-9B8B-4EF3424D58A7}.Ad-Hoc|Any CPU.ActiveCfg = Release|Any CPU
		{9165F68B-D195-4ACE-9B8B-4EF3424D58A7}.Ad-Hoc|Any CPU.Build.0 = Release|Any CPU
		{9165F68B-D195-4ACE-9B8B-4EF3424D58A7}.Ad-Hoc|ARM.ActiveCfg = Release|Any CPU
		{9165F68B-D195-4ACE-9B8B-4EF3424D58A7}.Ad-Hoc|ARM.Build.0 = Release|Any CPU
		{9165F68B-D195-4ACE-9B8B-4EF3424D58A7}.Ad-Hoc|iPhone.ActiveCfg = Release|Any CPU
		{9165F68B-D195-4ACE-9B8B-4EF3424D58A7}.Ad-Hoc|iPhone.Build.0 = Release|Any CPU
		{9165F68B-D195-4ACE-9B8B-4EF3424D58A7}.Ad-Hoc|iPhoneSimulator.ActiveCfg = Release|Any CPU
		{9165F68B-D195-4ACE-9B8B-4EF3424D58A7}.Ad-Hoc|iPhoneSimulator.Build.0 = Release|Any CPU
		{9165F68B-D195-4ACE-9B8B-4EF3424D58A7}.Ad-Hoc|x64.ActiveCfg = Release|Any CPU
		{9165F68B-D195-4ACE-9B8B-4EF3424D58A7}.Ad-Hoc|x64.Build.0 = Release|Any CPU
		{9165F68B-D195-4ACE-9B8B-4EF3424D58A7}.Ad-Hoc|x86.ActiveCfg = Release|Any CPU
		{9165F68B-D195-4ACE-9B8B-4EF3424D58A7}.Ad-Hoc|x86.Build.0 = Release|Any CPU
		{9165F68B-D195-4ACE-9B8B-4EF3424D58A7}.AppStore|Any CPU.ActiveCfg = Release|Any CPU
		{9165F68B-D195-4ACE-9B8B-4EF3424D58A7}.AppStore|Any CPU.Build.0 = Release|Any CPU
		{9165F68B-D195-4ACE-9B8B-4EF3424D58A7}.AppStore|ARM.ActiveCfg = Release|Any CPU
		{9165F68B-D195-4ACE-9B8B-4EF3424D58A7}.AppStore|ARM.Build.0 = Release|Any CPU
		{9165F68B-D195-4ACE-9B8B-4EF3424D58A7}.AppStore|iPhone.ActiveCfg = Release|Any CPU
		{9165F68B-D195-4ACE-9B8B-4EF3424D58A7}.AppStore|iPhone.Build.0 = Release|Any CPU
		{9165F68B-D195-4ACE-9B8B-4EF3424D58A7}.AppStore|iPhoneSimulator.ActiveCfg = Release|Any CPU
		{9165F68B-D195-4ACE-9B8B-4EF3424D58A7}.AppStore|iPhoneSimulator.Build.0 = Release|Any CPU
		{9165F68B-D195-4ACE-9B8B-4EF3424D58A7}.AppStore|x64.ActiveCfg = Release|Any CPU
		{9165F68B-D195-4ACE-9B8B-4EF3424D58A7}.AppStore|x64.Build.0 = Release|Any CPU
		{9165F68B-D195-4ACE-9B8B-4EF3424D58A7}.AppStore|x86.ActiveCfg = Release|Any CPU
		{9165F68B-D195-4ACE-9B8B-4EF3424D58A7}.AppStore|x86.Build.0 = Release|Any CPU
		{9165F68B-D195-4ACE-9B8B-4EF3424D58A7}.Debug|Any CPU.ActiveCfg = Debug|Any CPU
		{9165F68B-D195-4ACE-9B8B-4EF3424D58A7}.Debug|Any CPU.Build.0 = Debug|Any CPU
		{9165F68B-D195-4ACE-9B8B-4EF3424D58A7}.Debug|ARM.ActiveCfg = Debug|Any CPU
		{9165F68B-D195-4ACE-9B8B-4EF3424D58A7}.Debug|ARM.Build.0 = Debug|Any CPU
		{9165F68B-D195-4ACE-9B8B-4EF3424D58A7}.Debug|iPhone.ActiveCfg = Debug|Any CPU
		{9165F68B-D195-4ACE-9B8B-4EF3424D58A7}.Debug|iPhone.Build.0 = Debug|Any CPU
		{9165F68B-D195-4ACE-9B8B-4EF3424D58A7}.Debug|iPhoneSimulator.ActiveCfg = Debug|Any CPU
		{9165F68B-D195-4ACE-9B8B-4EF3424D58A7}.Debug|iPhoneSimulator.Build.0 = Debug|Any CPU
		{9165F68B-D195-4ACE-9B8B-4EF3424D58A7}.Debug|x64.ActiveCfg = Debug|Any CPU
		{9165F68B-D195-4ACE-9B8B-4EF3424D58A7}.Debug|x64.Build.0 = Debug|Any CPU
		{9165F68B-D195-4ACE-9B8B-4EF3424D58A7}.Debug|x86.ActiveCfg = Debug|Any CPU
		{9165F68B-D195-4ACE-9B8B-4EF3424D58A7}.Debug|x86.Build.0 = Debug|Any CPU
		{9165F68B-D195-4ACE-9B8B-4EF3424D58A7}.Release|Any CPU.ActiveCfg = Release|Any CPU
		{9165F68B-D195-4ACE-9B8B-4EF3424D58A7}.Release|Any CPU.Build.0 = Release|Any CPU
		{9165F68B-D195-4ACE-9B8B-4EF3424D58A7}.Release|ARM.ActiveCfg = Release|Any CPU
		{9165F68B-D195-4ACE-9B8B-4EF3424D58A7}.Release|ARM.Build.0 = Release|Any CPU
		{9165F68B-D195-4ACE-9B8B-4EF3424D58A7}.Release|iPhone.ActiveCfg = Release|Any CPU
		{9165F68B-D195-4ACE-9B8B-4EF3424D58A7}.Release|iPhone.Build.0 = Release|Any CPU
		{9165F68B-D195-4ACE-9B8B-4EF3424D58A7}.Release|iPhoneSimulator.ActiveCfg = Release|Any CPU
		{9165F68B-D195-4ACE-9B8B-4EF3424D58A7}.Release|iPhoneSimulator.Build.0 = Release|Any CPU
		{9165F68B-D195-4ACE-9B8B-4EF3424D58A7}.Release|x64.ActiveCfg = Release|Any CPU
		{9165F68B-D195-4ACE-9B8B-4EF3424D58A7}.Release|x64.Build.0 = Release|Any CPU
		{9165F68B-D195-4ACE-9B8B-4EF3424D58A7}.Release|x86.ActiveCfg = Release|Any CPU
		{9165F68B-D195-4ACE-9B8B-4EF3424D58A7}.Release|x86.Build.0 = Release|Any CPU
	EndGlobalSection
	GlobalSection(SolutionProperties) = preSolution
		HideSolutionNode = FALSE
	EndGlobalSection
EndGlobal
