
Microsoft Visual Studio Solution File, Format Version 12.00
# Visual Studio 14
VisualStudioVersion = 14.0.25123.0
MinimumVisualStudioVersion = 10.0.40219.1
Project("{FAE04EC0-301F-11D3-BF4B-00C04F79EFBC}") = "ScFootsteps.Meetup.ExampleSix.Droid", "ExampleSix\ScFootsteps.Meetup.ExampleSix.Droid\ScFootsteps.Meetup.ExampleSix.Droid.csproj", "{C55D10C9-57B8-407A-855D-E3C9C3738867}"
EndProject
Project("{FAE04EC0-301F-11D3-BF4B-00C04F79EFBC}") = "ScFootsteps.Meetup.ExampleSix.iOS", "ExampleSix\ScFootsteps.Meetup.ExampleSix.iOS\ScFootsteps.Meetup.ExampleSix.iOS.csproj", "{E21EADE0-8912-4D1A-B879-3C155EF79157}"
EndProject
Project("{FAE04EC0-301F-11D3-BF4B-00C04F79EFBC}") = "ScFootsteps.Meetup.ExampleSix", "ExampleSix\ScFootsteps.Meetup.ExampleSix\ScFootsteps.Meetup.ExampleSix.csproj", "{819732B0-49B7-4BD2-9808-9DB18721FBD2}"
EndProject
Global
	GlobalSection(SolutionConfigurationPlatforms) = preSolution
		Ad-Hoc|Any CPU = Ad-Hoc|Any CPU
		Ad-Hoc|ARM = Ad-Hoc|ARM
		Ad-Hoc|iPhone = Ad-Hoc|iPhone
		Ad-Hoc|iPhoneSimulator = Ad-Hoc|iPhoneSimulator
		Ad-Hoc|x64 = Ad-Hoc|x64
		Ad-Hoc|x86 = Ad-Hoc|x86
		AppStore|Any CPU = AppStore|Any CPU
		AppStore|ARM = AppStore|ARM
		AppStore|iPhone = AppStore|iPhone
		AppStore|iPhoneSimulator = AppStore|iPhoneSimulator
		AppStore|x64 = AppStore|x64
		AppStore|x86 = AppStore|x86
		Debug|Any CPU = Debug|Any CPU
		Debug|ARM = Debug|ARM
		Debug|iPhone = Debug|iPhone
		Debug|iPhoneSimulator = Debug|iPhoneSimulator
		Debug|x64 = Debug|x64
		Debug|x86 = Debug|x86
		Release|Any CPU = Release|Any CPU
		Release|ARM = Release|ARM
		Release|iPhone = Release|iPhone
		Release|iPhoneSimulator = Release|iPhoneSimulator
		Release|x64 = Release|x64
		Release|x86 = Release|x86
	EndGlobalSection
	GlobalSection(ProjectConfigurationPlatforms) = postSolution
		{C55D10C9-57B8-407A-855D-E3C9C3738867}.Ad-Hoc|Any CPU.ActiveCfg = Release|Any CPU
		{C55D10C9-57B8-407A-855D-E3C9C3738867}.Ad-Hoc|Any CPU.Build.0 = Release|Any CPU
		{C55D10C9-57B8-407A-855D-E3C9C3738867}.Ad-Hoc|Any CPU.Deploy.0 = Release|Any CPU
		{C55D10C9-57B8-407A-855D-E3C9C3738867}.Ad-Hoc|ARM.ActiveCfg = Release|Any CPU
		{C55D10C9-57B8-407A-855D-E3C9C3738867}.Ad-Hoc|ARM.Build.0 = Release|Any CPU
		{C55D10C9-57B8-407A-855D-E3C9C3738867}.Ad-Hoc|ARM.Deploy.0 = Release|Any CPU
		{C55D10C9-57B8-407A-855D-E3C9C3738867}.Ad-Hoc|iPhone.ActiveCfg = Release|Any CPU
		{C55D10C9-57B8-407A-855D-E3C9C3738867}.Ad-Hoc|iPhone.Build.0 = Release|Any CPU
		{C55D10C9-57B8-407A-855D-E3C9C3738867}.Ad-Hoc|iPhone.Deploy.0 = Release|Any CPU
		{C55D10C9-57B8-407A-855D-E3C9C3738867}.Ad-Hoc|iPhoneSimulator.ActiveCfg = Release|Any CPU
		{C55D10C9-57B8-407A-855D-E3C9C3738867}.Ad-Hoc|iPhoneSimulator.Build.0 = Release|Any CPU
		{C55D10C9-57B8-407A-855D-E3C9C3738867}.Ad-Hoc|iPhoneSimulator.Deploy.0 = Release|Any CPU
		{C55D10C9-57B8-407A-855D-E3C9C3738867}.Ad-Hoc|x64.ActiveCfg = Release|Any CPU
		{C55D10C9-57B8-407A-855D-E3C9C3738867}.Ad-Hoc|x64.Build.0 = Release|Any CPU
		{C55D10C9-57B8-407A-855D-E3C9C3738867}.Ad-Hoc|x64.Deploy.0 = Release|Any CPU
		{C55D10C9-57B8-407A-855D-E3C9C3738867}.Ad-Hoc|x86.ActiveCfg = Release|Any CPU
		{C55D10C9-57B8-407A-855D-E3C9C3738867}.Ad-Hoc|x86.Build.0 = Release|Any CPU
		{C55D10C9-57B8-407A-855D-E3C9C3738867}.Ad-Hoc|x86.Deploy.0 = Release|Any CPU
		{C55D10C9-57B8-407A-855D-E3C9C3738867}.AppStore|Any CPU.ActiveCfg = Release|Any CPU
		{C55D10C9-57B8-407A-855D-E3C9C3738867}.AppStore|Any CPU.Build.0 = Release|Any CPU
		{C55D10C9-57B8-407A-855D-E3C9C3738867}.AppStore|Any CPU.Deploy.0 = Release|Any CPU
		{C55D10C9-57B8-407A-855D-E3C9C3738867}.AppStore|ARM.ActiveCfg = Release|Any CPU
		{C55D10C9-57B8-407A-855D-E3C9C3738867}.AppStore|ARM.Build.0 = Release|Any CPU
		{C55D10C9-57B8-407A-855D-E3C9C3738867}.AppStore|ARM.Deploy.0 = Release|Any CPU
		{C55D10C9-57B8-407A-855D-E3C9C3738867}.AppStore|iPhone.ActiveCfg = Release|Any CPU
		{C55D10C9-57B8-407A-855D-E3C9C3738867}.AppStore|iPhone.Build.0 = Release|Any CPU
		{C55D10C9-57B8-407A-855D-E3C9C3738867}.AppStore|iPhone.Deploy.0 = Release|Any CPU
		{C55D10C9-57B8-407A-855D-E3C9C3738867}.AppStore|iPhoneSimulator.ActiveCfg = Release|Any CPU
		{C55D10C9-57B8-407A-855D-E3C9C3738867}.AppStore|iPhoneSimulator.Build.0 = Release|Any CPU
		{C55D10C9-57B8-407A-855D-E3C9C3738867}.AppStore|iPhoneSimulator.Deploy.0 = Release|Any CPU
		{C55D10C9-57B8-407A-855D-E3C9C3738867}.AppStore|x64.ActiveCfg = Release|Any CPU
		{C55D10C9-57B8-407A-855D-E3C9C3738867}.AppStore|x64.Build.0 = Release|Any CPU
		{C55D10C9-57B8-407A-855D-E3C9C3738867}.AppStore|x64.Deploy.0 = Release|Any CPU
		{C55D10C9-57B8-407A-855D-E3C9C3738867}.AppStore|x86.ActiveCfg = Release|Any CPU
		{C55D10C9-57B8-407A-855D-E3C9C3738867}.AppStore|x86.Build.0 = Release|Any CPU
		{C55D10C9-57B8-407A-855D-E3C9C3738867}.AppStore|x86.Deploy.0 = Release|Any CPU
		{C55D10C9-57B8-407A-855D-E3C9C3738867}.Debug|Any CPU.ActiveCfg = Debug|Any CPU
		{C55D10C9-57B8-407A-855D-E3C9C3738867}.Debug|Any CPU.Build.0 = Debug|Any CPU
		{C55D10C9-57B8-407A-855D-E3C9C3738867}.Debug|Any CPU.Deploy.0 = Debug|Any CPU
		{C55D10C9-57B8-407A-855D-E3C9C3738867}.Debug|ARM.ActiveCfg = Debug|Any CPU
		{C55D10C9-57B8-407A-855D-E3C9C3738867}.Debug|ARM.Build.0 = Debug|Any CPU
		{C55D10C9-57B8-407A-855D-E3C9C3738867}.Debug|ARM.Deploy.0 = Debug|Any CPU
		{C55D10C9-57B8-407A-855D-E3C9C3738867}.Debug|iPhone.ActiveCfg = Debug|Any CPU
		{C55D10C9-57B8-407A-855D-E3C9C3738867}.Debug|iPhone.Build.0 = Debug|Any CPU
		{C55D10C9-57B8-407A-855D-E3C9C3738867}.Debug|iPhone.Deploy.0 = Debug|Any CPU
		{C55D10C9-57B8-407A-855D-E3C9C3738867}.Debug|iPhoneSimulator.ActiveCfg = Debug|Any CPU
		{C55D10C9-57B8-407A-855D-E3C9C3738867}.Debug|iPhoneSimulator.Build.0 = Debug|Any CPU
		{C55D10C9-57B8-407A-855D-E3C9C3738867}.Debug|iPhoneSimulator.Deploy.0 = Debug|Any CPU
		{C55D10C9-57B8-407A-855D-E3C9C3738867}.Debug|x64.ActiveCfg = Debug|Any CPU
		{C55D10C9-57B8-407A-855D-E3C9C3738867}.Debug|x64.Build.0 = Debug|Any CPU
		{C55D10C9-57B8-407A-855D-E3C9C3738867}.Debug|x64.Deploy.0 = Debug|Any CPU
		{C55D10C9-57B8-407A-855D-E3C9C3738867}.Debug|x86.ActiveCfg = Debug|Any CPU
		{C55D10C9-57B8-407A-855D-E3C9C3738867}.Debug|x86.Build.0 = Debug|Any CPU
		{C55D10C9-57B8-407A-855D-E3C9C3738867}.Debug|x86.Deploy.0 = Debug|Any CPU
		{C55D10C9-57B8-407A-855D-E3C9C3738867}.Release|Any CPU.ActiveCfg = Release|Any CPU
		{C55D10C9-57B8-407A-855D-E3C9C3738867}.Release|Any CPU.Build.0 = Release|Any CPU
		{C55D10C9-57B8-407A-855D-E3C9C3738867}.Release|Any CPU.Deploy.0 = Release|Any CPU
		{C55D10C9-57B8-407A-855D-E3C9C3738867}.Release|ARM.ActiveCfg = Release|Any CPU
		{C55D10C9-57B8-407A-855D-E3C9C3738867}.Release|ARM.Build.0 = Release|Any CPU
		{C55D10C9-57B8-407A-855D-E3C9C3738867}.Release|ARM.Deploy.0 = Release|Any CPU
		{C55D10C9-57B8-407A-855D-E3C9C3738867}.Release|iPhone.ActiveCfg = Release|Any CPU
		{C55D10C9-57B8-407A-855D-E3C9C3738867}.Release|iPhone.Build.0 = Release|Any CPU
		{C55D10C9-57B8-407A-855D-E3C9C3738867}.Release|iPhone.Deploy.0 = Release|Any CPU
		{C55D10C9-57B8-407A-855D-E3C9C3738867}.Release|iPhoneSimulator.ActiveCfg = Release|Any CPU
		{C55D10C9-57B8-407A-855D-E3C9C3738867}.Release|iPhoneSimulator.Build.0 = Release|Any CPU
		{C55D10C9-57B8-407A-855D-E3C9C3738867}.Release|iPhoneSimulator.Deploy.0 = Release|Any CPU
		{C55D10C9-57B8-407A-855D-E3C9C3738867}.Release|x64.ActiveCfg = Release|Any CPU
		{C55D10C9-57B8-407A-855D-E3C9C3738867}.Release|x64.Build.0 = Release|Any CPU
		{C55D10C9-57B8-407A-855D-E3C9C3738867}.Release|x64.Deploy.0 = Release|Any CPU
		{C55D10C9-57B8-407A-855D-E3C9C3738867}.Release|x86.ActiveCfg = Release|Any CPU
		{C55D10C9-57B8-407A-855D-E3C9C3738867}.Release|x86.Build.0 = Release|Any CPU
		{C55D10C9-57B8-407A-855D-E3C9C3738867}.Release|x86.Deploy.0 = Release|Any CPU
		{E21EADE0-8912-4D1A-B879-3C155EF79157}.Ad-Hoc|Any CPU.ActiveCfg = Ad-Hoc|iPhone
		{E21EADE0-8912-4D1A-B879-3C155EF79157}.Ad-Hoc|ARM.ActiveCfg = Ad-Hoc|iPhone
		{E21EADE0-8912-4D1A-B879-3C155EF79157}.Ad-Hoc|iPhone.ActiveCfg = Ad-Hoc|iPhone
		{E21EADE0-8912-4D1A-B879-3C155EF79157}.Ad-Hoc|iPhone.Build.0 = Ad-Hoc|iPhone
		{E21EADE0-8912-4D1A-B879-3C155EF79157}.Ad-Hoc|iPhoneSimulator.ActiveCfg = Ad-Hoc|iPhoneSimulator
		{E21EADE0-8912-4D1A-B879-3C155EF79157}.Ad-Hoc|iPhoneSimulator.Build.0 = Ad-Hoc|iPhoneSimulator
		{E21EADE0-8912-4D1A-B879-3C155EF79157}.Ad-Hoc|x64.ActiveCfg = Ad-Hoc|iPhone
		{E21EADE0-8912-4D1A-B879-3C155EF79157}.Ad-Hoc|x86.ActiveCfg = Ad-Hoc|iPhone
		{E21EADE0-8912-4D1A-B879-3C155EF79157}.AppStore|Any CPU.ActiveCfg = AppStore|iPhone
		{E21EADE0-8912-4D1A-B879-3C155EF79157}.AppStore|ARM.ActiveCfg = AppStore|iPhone
		{E21EADE0-8912-4D1A-B879-3C155EF79157}.AppStore|iPhone.ActiveCfg = AppStore|iPhone
		{E21EADE0-8912-4D1A-B879-3C155EF79157}.AppStore|iPhone.Build.0 = AppStore|iPhone
		{E21EADE0-8912-4D1A-B879-3C155EF79157}.AppStore|iPhoneSimulator.ActiveCfg = AppStore|iPhoneSimulator
		{E21EADE0-8912-4D1A-B879-3C155EF79157}.AppStore|iPhoneSimulator.Build.0 = AppStore|iPhoneSimulator
		{E21EADE0-8912-4D1A-B879-3C155EF79157}.AppStore|x64.ActiveCfg = AppStore|iPhone
		{E21EADE0-8912-4D1A-B879-3C155EF79157}.AppStore|x86.ActiveCfg = AppStore|iPhone
		{E21EADE0-8912-4D1A-B879-3C155EF79157}.Debug|Any CPU.ActiveCfg = Debug|iPhone
		{E21EADE0-8912-4D1A-B879-3C155EF79157}.Debug|ARM.ActiveCfg = Debug|iPhone
		{E21EADE0-8912-4D1A-B879-3C155EF79157}.Debug|iPhone.ActiveCfg = Debug|iPhone
		{E21EADE0-8912-4D1A-B879-3C155EF79157}.Debug|iPhone.Build.0 = Debug|iPhone
		{E21EADE0-8912-4D1A-B879-3C155EF79157}.Debug|iPhoneSimulator.ActiveCfg = Debug|iPhoneSimulator
		{E21EADE0-8912-4D1A-B879-3C155EF79157}.Debug|iPhoneSimulator.Build.0 = Debug|iPhoneSimulator
		{E21EADE0-8912-4D1A-B879-3C155EF79157}.Debug|x64.ActiveCfg = Debug|iPhone
		{E21EADE0-8912-4D1A-B879-3C155EF79157}.Debug|x86.ActiveCfg = Debug|iPhone
		{E21EADE0-8912-4D1A-B879-3C155EF79157}.Release|Any CPU.ActiveCfg = Release|iPhone
		{E21EADE0-8912-4D1A-B879-3C155EF79157}.Release|ARM.ActiveCfg = Release|iPhone
		{E21EADE0-8912-4D1A-B879-3C155EF79157}.Release|iPhone.ActiveCfg = Release|iPhone
		{E21EADE0-8912-4D1A-B879-3C155EF79157}.Release|iPhone.Build.0 = Release|iPhone
		{E21EADE0-8912-4D1A-B879-3C155EF79157}.Release|iPhoneSimulator.ActiveCfg = Release|iPhoneSimulator
		{E21EADE0-8912-4D1A-B879-3C155EF79157}.Release|iPhoneSimulator.Build.0 = Release|iPhoneSimulator
		{E21EADE0-8912-4D1A-B879-3C155EF79157}.Release|x64.ActiveCfg = Release|iPhone
		{E21EADE0-8912-4D1A-B879-3C155EF79157}.Release|x86.ActiveCfg = Release|iPhone
		{819732B0-49B7-4BD2-9808-9DB18721FBD2}.Ad-Hoc|Any CPU.ActiveCfg = Release|Any CPU
		{819732B0-49B7-4BD2-9808-9DB18721FBD2}.Ad-Hoc|Any CPU.Build.0 = Release|Any CPU
		{819732B0-49B7-4BD2-9808-9DB18721FBD2}.Ad-Hoc|ARM.ActiveCfg = Release|Any CPU
		{819732B0-49B7-4BD2-9808-9DB18721FBD2}.Ad-Hoc|ARM.Build.0 = Release|Any CPU
		{819732B0-49B7-4BD2-9808-9DB18721FBD2}.Ad-Hoc|iPhone.ActiveCfg = Release|Any CPU
		{819732B0-49B7-4BD2-9808-9DB18721FBD2}.Ad-Hoc|iPhone.Build.0 = Release|Any CPU
		{819732B0-49B7-4BD2-9808-9DB18721FBD2}.Ad-Hoc|iPhoneSimulator.ActiveCfg = Release|Any CPU
		{819732B0-49B7-4BD2-9808-9DB18721FBD2}.Ad-Hoc|iPhoneSimulator.Build.0 = Release|Any CPU
		{819732B0-49B7-4BD2-9808-9DB18721FBD2}.Ad-Hoc|x64.ActiveCfg = Release|Any CPU
		{819732B0-49B7-4BD2-9808-9DB18721FBD2}.Ad-Hoc|x64.Build.0 = Release|Any CPU
		{819732B0-49B7-4BD2-9808-9DB18721FBD2}.Ad-Hoc|x86.ActiveCfg = Release|Any CPU
		{819732B0-49B7-4BD2-9808-9DB18721FBD2}.Ad-Hoc|x86.Build.0 = Release|Any CPU
		{819732B0-49B7-4BD2-9808-9DB18721FBD2}.AppStore|Any CPU.ActiveCfg = Release|Any CPU
		{819732B0-49B7-4BD2-9808-9DB18721FBD2}.AppStore|Any CPU.Build.0 = Release|Any CPU
		{819732B0-49B7-4BD2-9808-9DB18721FBD2}.AppStore|ARM.ActiveCfg = Release|Any CPU
		{819732B0-49B7-4BD2-9808-9DB18721FBD2}.AppStore|ARM.Build.0 = Release|Any CPU
		{819732B0-49B7-4BD2-9808-9DB18721FBD2}.AppStore|iPhone.ActiveCfg = Release|Any CPU
		{819732B0-49B7-4BD2-9808-9DB18721FBD2}.AppStore|iPhone.Build.0 = Release|Any CPU
		{819732B0-49B7-4BD2-9808-9DB18721FBD2}.AppStore|iPhoneSimulator.ActiveCfg = Release|Any CPU
		{819732B0-49B7-4BD2-9808-9DB18721FBD2}.AppStore|iPhoneSimulator.Build.0 = Release|Any CPU
		{819732B0-49B7-4BD2-9808-9DB18721FBD2}.AppStore|x64.ActiveCfg = Release|Any CPU
		{819732B0-49B7-4BD2-9808-9DB18721FBD2}.AppStore|x64.Build.0 = Release|Any CPU
		{819732B0-49B7-4BD2-9808-9DB18721FBD2}.AppStore|x86.ActiveCfg = Release|Any CPU
		{819732B0-49B7-4BD2-9808-9DB18721FBD2}.AppStore|x86.Build.0 = Release|Any CPU
		{819732B0-49B7-4BD2-9808-9DB18721FBD2}.Debug|Any CPU.ActiveCfg = Debug|Any CPU
		{819732B0-49B7-4BD2-9808-9DB18721FBD2}.Debug|Any CPU.Build.0 = Debug|Any CPU
		{819732B0-49B7-4BD2-9808-9DB18721FBD2}.Debug|ARM.ActiveCfg = Debug|Any CPU
		{819732B0-49B7-4BD2-9808-9DB18721FBD2}.Debug|ARM.Build.0 = Debug|Any CPU
		{819732B0-49B7-4BD2-9808-9DB18721FBD2}.Debug|iPhone.ActiveCfg = Debug|Any CPU
		{819732B0-49B7-4BD2-9808-9DB18721FBD2}.Debug|iPhone.Build.0 = Debug|Any CPU
		{819732B0-49B7-4BD2-9808-9DB18721FBD2}.Debug|iPhoneSimulator.ActiveCfg = Debug|Any CPU
		{819732B0-49B7-4BD2-9808-9DB18721FBD2}.Debug|iPhoneSimulator.Build.0 = Debug|Any CPU
		{819732B0-49B7-4BD2-9808-9DB18721FBD2}.Debug|x64.ActiveCfg = Debug|Any CPU
		{819732B0-49B7-4BD2-9808-9DB18721FBD2}.Debug|x64.Build.0 = Debug|Any CPU
		{819732B0-49B7-4BD2-9808-9DB18721FBD2}.Debug|x86.ActiveCfg = Debug|Any CPU
		{819732B0-49B7-4BD2-9808-9DB18721FBD2}.Debug|x86.Build.0 = Debug|Any CPU
		{819732B0-49B7-4BD2-9808-9DB18721FBD2}.Release|Any CPU.ActiveCfg = Release|Any CPU
		{819732B0-49B7-4BD2-9808-9DB18721FBD2}.Release|Any CPU.Build.0 = Release|Any CPU
		{819732B0-49B7-4BD2-9808-9DB18721FBD2}.Release|ARM.ActiveCfg = Release|Any CPU
		{819732B0-49B7-4BD2-9808-9DB18721FBD2}.Release|ARM.Build.0 = Release|Any CPU
		{819732B0-49B7-4BD2-9808-9DB18721FBD2}.Release|iPhone.ActiveCfg = Release|Any CPU
		{819732B0-49B7-4BD2-9808-9DB18721FBD2}.Release|iPhone.Build.0 = Release|Any CPU
		{819732B0-49B7-4BD2-9808-9DB18721FBD2}.Release|iPhoneSimulator.ActiveCfg = Release|Any CPU
		{819732B0-49B7-4BD2-9808-9DB18721FBD2}.Release|iPhoneSimulator.Build.0 = Release|Any CPU
		{819732B0-49B7-4BD2-9808-9DB18721FBD2}.Release|x64.ActiveCfg = Release|Any CPU
		{819732B0-49B7-4BD2-9808-9DB18721FBD2}.Release|x64.Build.0 = Release|Any CPU
		{819732B0-49B7-4BD2-9808-9DB18721FBD2}.Release|x86.ActiveCfg = Release|Any CPU
		{819732B0-49B7-4BD2-9808-9DB18721FBD2}.Release|x86.Build.0 = Release|Any CPU
	EndGlobalSection
	GlobalSection(SolutionProperties) = preSolution
		HideSolutionNode = FALSE
	EndGlobalSection
EndGlobal
